PODS:
  - Alamofire (4.8.2)
  - AsyncDisplayKit (2.2.1):
    - AsyncDisplayKit/PINRemoteImage (= 2.2.1)
  - AsyncDisplayKit/Core (2.2.1)
  - AsyncDisplayKit/PINRemoteImage (2.2.1):
    - AsyncDisplayKit/Core
    - PINRemoteImage/iOS (= 3.0.0-beta.8)
    - PINRemoteImage/PINCache
  - AudioBot (1.2.2)
  - AutoReview (1.2.0)
  - Bugly (2.5.0)
  - DeviceUtil (5.0.0)
  - FXBlurView (1.6.4)
  - JCore (1.2.6)
  - JPush (3.1.2):
    - JCore (~> 1.2.6)
  - Kanna (4.0.3)
  - KeyboardMan (1.2.3)
  - KeypathObserver (1.0.0)
  - Kingfisher (4.10.1)
  - MonkeyKing (1.13.0)
  - Navi (1.1.1)
  - PINCache (3.0.1-beta.4):
    - PINCache/Arc-exception-safe (= 3.0.1-beta.4)
    - PINCache/Core (= 3.0.1-beta.4)
  - PINCache/Arc-exception-safe (3.0.1-beta.4):
    - PINCache/Core
  - PINCache/Core (3.0.1-beta.4):
    - PINOperation (= 1.0.3)
  - PINOperation (1.0.3)
  - PINRemoteImage/Core (3.0.0-beta.8)
  - PINRemoteImage/iOS (3.0.0-beta.8):
    - PINRemoteImage/Core
  - PINRemoteImage/PINCache (3.0.0-beta.8):
    - PINCache (= 3.0.1-beta.4)
    - PINRemoteImage/Core
  - pop (1.0.12)
  - Proposer (1.2.1)
  - Realm (3.14.1):
    - Realm/Headers (= 3.14.1)
  - Realm/Headers (3.14.1)
  - RealmSwift (3.14.1):
    - Realm (= 3.14.1)
  - ReSwift (4.1.1)
  - Ruler (3.0.0)
  - RxCocoa (4.5.0):
    - RxSwift (>= 4.4.2, ~> 4.4)
  - RxSwift (4.5.0)
  - SocketRocket (0.5.1)
  - TPKeyboardAvoiding (1.3.2)

DEPENDENCIES:
  - Alamofire
  - AsyncDisplayKit
  - AudioBot (~> 1.2.2)
  - AutoReview
  - Bugly
  - DeviceUtil
  - FXBlurView
  - JPush
  - Kanna (~> 4.0.0)
  - KeyboardMan (~> 1.2.3)
  - KeypathObserver
  - Kingfisher
  - MonkeyKing (~> 1.13.0)
  - Navi (~> 1.1.1)
  - pop
  - Proposer (~> 1.2.1)
  - RealmSwift (~> 3.14.0)
  - ReSwift (~> 4.0)
  - Ruler (~> 3.0.0)
  - RxCocoa (~> 4.0)
  - RxSwift (~> 4.0)
  - SocketRocket
  - TPKeyboardAvoiding

SPEC REPOS:
  https://github.com/cocoapods/specs.git:
    - Alamofire
    - AsyncDisplayKit
    - AudioBot
    - AutoReview
    - Bugly
    - DeviceUtil
    - FXBlurView
    - JCore
    - JPush
    - Kanna
    - KeyboardMan
    - KeypathObserver
    - Kingfisher
    - MonkeyKing
    - Navi
    - PINCache
    - PINOperation
    - PINRemoteImage
    - pop
    - Proposer
    - Realm
    - RealmSwift
    - ReSwift
    - Ruler
    - RxCocoa
    - RxSwift
    - SocketRocket
    - TPKeyboardAvoiding

SPEC CHECKSUMS:
  Alamofire: ae5c501addb7afdbb13687d7f2f722c78734c2d3
  AsyncDisplayKit: 2234dd8d8770a5ed72936b3f8394bd5a807765f6
  AudioBot: 73842154db87c7069214089ee55be64b4a9bea8b
  AutoReview: 55e0ad72aab9679dbc53fc604a24964960878e6d
  Bugly: 3ca9f255c01025582df26f9222893b383c7e4b4e
  DeviceUtil: effb5fd6d301a1bd42e0ac367b3391696651431e
  FXBlurView: db786c2561cb49a09ae98407f52460096ab8a44f
  JCore: cae516dd2bf1a73b578ce6e1065abd49e709e0f7
  JPush: d0cead70ba223a6a3b52749899ebda830dfbc49a
  Kanna: 0ebbdd0e7e3308f0aafbd569e79c8cadc5eb877c
  KeyboardMan: b51e3209d41ff56f65459c9cf734a5f8c5443783
  KeypathObserver: f2fe544bd45b6aa9b979912496ae04d5eb8f4e26
  Kingfisher: c148cd7b47ebde9989f6bc7c27dcaa79d81279a0
  MonkeyKing: cdaa3e93d4802464eceea619aba87f70c31db2e1
  Navi: 9e9bd67fb17fabb31a0fca15c39e27de7bc03e94
  PINCache: a89c8f609232afac77128557bd12c861844423d7
  PINOperation: ac23db44796d4a564ecf9b5ea7163510f579b71d
  PINRemoteImage: c4f9f16932840c597f32e69dd288e10e111a1929
  pop: d582054913807fd11fd50bfe6a539d91c7e1a55a
  Proposer: 97409ade1f80d8b19bba20972c03c9253bdd59b1
  Realm: e12c9c2387d05c5bba3a9c394838f5870e85763b
  RealmSwift: a82eab9b04c3e1616082c7e17aa300740847769c
  ReSwift: d925be0033558f55bd73d92869961230dfe19d52
  Ruler: 2c68f88289b93427a90c6551982d471cb7180ee0
  RxCocoa: cbf70265dc65a981d4ac982e513c10cf23df24a0
  RxSwift: f172070dfd1a93d70a9ab97a5a01166206e1c575
  SocketRocket: d57c7159b83c3c6655745cd15302aa24b6bae531
  TPKeyboardAvoiding: cb69d5ddbe90ce0170e4bc2db1e5e41d4a3ad9a4

PODFILE CHECKSUM: ba85221bece7a66977ad862c2c7ea082fb9cc62c

COCOAPODS: 1.5.2
